{
  "requires": true,
  "lockfileVersion": 1,
  "dependencies": {
    "xml-formatter": {
      "version": "2.1.3",
      "resolved": "https://registry.npmjs.org/xml-formatter/-/xml-formatter-2.1.3.tgz",
      "integrity": "sha512-4l8HSMhEfdX67qidWWvq2rbxuhhZbafPwCJ7JWrGAmWPgWMDSQ2DEuGYQ+Cvd6lO0YXQcze8po3bkW0/LLMdDw==",
      "requires": {
        "xml-parser-xo": "^3.0.0"
      }
    },
    "xml-parser-xo": {
      "version": "3.0.1",
      "resolved": "https://registry.npmjs.org/xml-parser-xo/-/xml-parser-xo-3.0.1.tgz",
      "integrity": "sha512-dLUob+wGEp54igyHm6SIIEoepQFTGLEV2nLf8v5Jv3fx4nzF+8vyp9gPxAfgxjFI6GuUwRn7wy9Z9IqQl6cogg=="
    }
  }
}
